{
  "nodes": {
    "flake-utils": {
      "locked": {
        "lastModified": 1631561581,
        "narHash": "sha256-3VQMV5zvxaVLvqqUrNz3iJelLw30mIVSfZmAaauM3dA=",
        "owner": "numtide",
        "repo": "flake-utils",
        "rev": "7e5bf3925f6fbdfaf50a2a7ca0be2879c4261d19",
        "type": "github"
      },
      "original": {
        "owner": "numtide",
        "repo": "flake-utils",
        "type": "github"
      }
    },
    "mkNodePackage": {
      "inputs": {
        "flake-utils": "flake-utils",
        "nixpkgs": "nixpkgs",
        "npmlock2nix": "npmlock2nix"
      },
      "locked": {
        "lastModified": 1633627420,
        "narHash": "sha256-apbRwd6SYXYOHgmRx7762N5aKPddQ9T/fmGDe2UR+EM=",
        "owner": "winston0410",
        "repo": "mkNodePackage",
        "rev": "4e08358d621911bc1f9f0f66dd0412bf27cee5d1",
        "type": "github"
      },
      "original": {
        "owner": "winston0410",
        "ref": "develop",
        "repo": "mkNodePackage",
        "type": "github"
      }
    },
    "nixpkgs": {
      "locked": {
        "lastModified": 1633351077,
        "narHash": "sha256-z38JG4Bb0GtM1aF1pANVdp1dniMP23Yb3HnRoJRy2uU=",
        "owner": "nixos",
        "repo": "nixpkgs",
        "rev": "14aef06d9b3ad1d07626bdbb16083b83f92dc6c1",
        "type": "github"
      },
      "original": {
        "owner": "nixos",
        "ref": "nixos-unstable",
        "repo": "nixpkgs",
        "type": "github"
      }
    },
    "nixpkgs_2": {
      "locked": {
        "lastModified": 1633617995,
        "narHash": "sha256-+RfYXTAXtULLSAMFDHWaA20NhNg3YQ9GcntVJqDDjSI=",
        "owner": "nixos",
        "repo": "nixpkgs",
        "rev": "70088dc29994c32f8520150e34c6e57e8453f895",
        "type": "github"
      },
      "original": {
        "owner": "nixos",
        "ref": "nixos-unstable",
        "repo": "nixpkgs",
        "type": "github"
      }
    },
    "npmlock2nix": {
      "flake": false,
      "locked": {
        "lastModified": 1633729941,
        "narHash": "sha256-v2YPcEWI1Wz8ErivorubgLcDT06H6YzFT7uhp1ymqnE=",
        "owner": "winston0410",
        "repo": "npmlock2nix",
        "rev": "6ade47a330b6919defb45c0eb984a64234aa8468",
        "type": "github"
      },
      "original": {
        "owner": "winston0410",
        "ref": "issue113",
        "repo": "npmlock2nix",
        "type": "github"
      }
    },
    "root": {
      "inputs": {
        "mkNodePackage": "mkNodePackage",
        "nixpkgs": "nixpkgs_2"
      }
    }
  },
  "root": "root",
  "version": 7
}
